
Microsoft Visual Studio Solution File, Format Version 12.00
# Visual Studio 15
VisualStudioVersion = 15.0.28307.168
MinimumVisualStudioVersion = 10.0.40219.1
Project("{9A19103F-16F7-4668-BE54-9A1E7A4F7556}") = "Aliera.AuthUtility", "Aliera.AuthUtility\Aliera.AuthUtility.csproj", "{F7688DEA-5F2F-4255-8F79-9D91CB1AF6CC}"
EndProject
Global
	GlobalSection(SolutionConfigurationPlatforms) = preSolution
		Debug|Any CPU = Debug|Any CPU
		Release|Any CPU = Release|Any CPU
	EndGlobalSection
	GlobalSection(ProjectConfigurationPlatforms) = postSolution
		{F7688DEA-5F2F-4255-8F79-9D91CB1AF6CC}.Debug|Any CPU.ActiveCfg = Debug|Any CPU
		{F7688DEA-5F2F-4255-8F79-9D91CB1AF6CC}.Debug|Any CPU.Build.0 = Debug|Any CPU
		{F7688DEA-5F2F-4255-8F79-9D91CB1AF6CC}.Release|Any CPU.ActiveCfg = Release|Any CPU
		{F7688DEA-5F2F-4255-8F79-9D91CB1AF6CC}.Release|Any CPU.Build.0 = Release|Any CPU
	EndGlobalSection
	GlobalSection(SolutionProperties) = preSolution
		HideSolutionNode = FALSE
	EndGlobalSection
	GlobalSection(ExtensibilityGlobals) = postSolution
		SolutionGuid = {B4C23FD3-2362-4308-AC8F-164C3F80D533}
	EndGlobalSection
EndGlobal
